{
  "name": "scripts",
  "version": "1.0.0",
  "lockfileVersion": 1,
  "requires": true,
  "dependencies": {
    "@bbva-web-components/bbva-core-lit-helpers": {
      "version": "1.2.0",
      "resolved": "https://globaldevtools.bbva.com:443/artifactory/api/npm/npm-repo/@bbva-web-components/bbva-core-lit-helpers/-/@bbva-web-components/bbva-core-lit-helpers-1.2.0.tgz",
      "integrity": "sha1-P+Y7R0PWQ1h5tjuzqvS6ut9zj4U=",
      "requires": {
        "@bbva-web-components/bbva-core-meta": "^1.2.0",
        "@webcomponents/shadycss": "^1.9.0",
        "lit-element": "^2.0.0",
        "lit-html": "^1.0.0"
      }
    },
    "@bbva-web-components/bbva-core-meta": {
      "version": "1.2.0",
      "resolved": "https://globaldevtools.bbva.com:443/artifactory/api/npm/npm-repo/@bbva-web-components/bbva-core-meta/-/@bbva-web-components/bbva-core-meta-1.2.0.tgz",
      "integrity": "sha1-Xbt0dKJtTWAuc5qHxfP495mURHs="
    },
    "@bbva-web-components/bbva-foundations-photo-treatments": {
      "version": "1.0.15",
      "resolved": "https://globaldevtools.bbva.com:443/artifactory/api/npm/npm-repo/@bbva-web-components/bbva-foundations-photo-treatments/-/@bbva-web-components/bbva-foundations-photo-treatments-1.0.15.tgz",
      "integrity": "sha1-D+roUAMA4tl+yTX13HC1XFRscF4=",
      "requires": {
        "@bbva-web-components/bbva-core-lit-helpers": "^1.0.0",
        "@bbva-web-components/bbva-foundations-styles": "^2.5.0",
        "lit-element": "^2.0.0"
      }
    },
    "@bbva-web-components/bbva-foundations-styles": {
      "version": "2.5.0",
      "resolved": "https://globaldevtools.bbva.com:443/artifactory/api/npm/npm-repo/@bbva-web-components/bbva-foundations-styles/-/@bbva-web-components/bbva-foundations-styles-2.5.0.tgz",
      "integrity": "sha1-4pMTZm/THpO5cOZBRF88nlLWeOw=",
      "requires": {
        "@bbva-web-components/bbva-foundations-photo-treatments": "^1.0.15",
        "@bbva-web-components/bbva-foundations-tokens": "^1.1.0",
        "@bbva-web-components/bbva-foundations-tools": "^1.2.0",
        "lit-element": "^2.0.0"
      }
    },
    "@bbva-web-components/bbva-foundations-tokens": {
      "version": "1.1.0",
      "resolved": "https://globaldevtools.bbva.com:443/artifactory/api/npm/npm-repo/@bbva-web-components/bbva-foundations-tokens/-/@bbva-web-components/bbva-foundations-tokens-1.1.0.tgz",
      "integrity": "sha1-wYvUu5r1EK/3nFyzpbVlk/ZpPic="
    },
    "@bbva-web-components/bbva-foundations-tools": {
      "version": "1.2.0",
      "resolved": "https://globaldevtools.bbva.com:443/artifactory/api/npm/npm-repo/@bbva-web-components/bbva-foundations-tools/-/@bbva-web-components/bbva-foundations-tools-1.2.0.tgz",
      "integrity": "sha1-JTjYx6sFCmER+cRXpRst1XQQYFM=",
      "requires": {
        "@bbva-web-components/bbva-foundations-tokens": "^1.1.0",
        "esm": "^3.2.25",
        "lit-element": "^2.0.0"
      }
    },
    "@bbva-web-components/bbva-gema-sustainability-dm": {
      "version": "git+ssh://git@globaldevtools.bbva.com:7999/~antonio.aguayo.next/bbva-gema-sustainability-dm.git#5f2b610987ff6b0d8492b3de2fb12905ea0e63a1",
      "from": "git+ssh://git@globaldevtools.bbva.com:7999/~antonio.aguayo.next/bbva-gema-sustainability-dm.git",
      "requires": {
        "@bbva-web-components/bbva-core-lit-helpers": "^1.0.4",
        "@bbva-web-components/bbva-foundations-styles": "^2.3.5",
        "lit-element": "^2.0.0"
      }
    },
    "@webcomponents/shadycss": {
      "version": "1.10.2",
      "resolved": "https://globaldevtools.bbva.com:443/artifactory/api/npm/npm-repo/@webcomponents/shadycss/-/shadycss-1.10.2.tgz",
      "integrity": "sha1-QOA8q23F4S8ZmUm6K3ngLxg9Hns="
    },
    "esm": {
      "version": "3.2.25",
      "resolved": "https://globaldevtools.bbva.com:443/artifactory/api/npm/npm-repo/esm/-/esm-3.2.25.tgz",
      "integrity": "sha1-NCwYwp1WFXaIulzjH4Qx+7eVzBA="
    },
    "fluture": {
      "version": "14.0.0",
      "resolved": "https://globaldevtools.bbva.com:443/artifactory/api/npm/npm-repo/fluture/-/fluture-14.0.0.tgz",
      "integrity": "sha1-geHK6ZaiYuIUqiqNeEX+E1kBjjs=",
      "requires": {
        "sanctuary-show": "^2.0.0",
        "sanctuary-type-identifiers": "^3.0.0"
      }
    },
    "lit-element": {
      "version": "2.5.1",
      "resolved": "https://globaldevtools.bbva.com:443/artifactory/api/npm/npm-repo/lit-element/-/lit-element-2.5.1.tgz",
      "integrity": "sha1-P6dLEhps0ikCQJrjhZt4R9AaprY=",
      "requires": {
        "lit-html": "^1.1.1"
      }
    },
    "lit-html": {
      "version": "1.4.1",
      "resolved": "https://globaldevtools.bbva.com:443/artifactory/api/npm/npm-repo/lit-html/-/lit-html-1.4.1.tgz",
      "integrity": "sha1-DG8+5K1OthCkmDF4fwR4rY6a5eA="
    },
    "ramda": {
      "version": "0.27.1",
      "resolved": "https://globaldevtools.bbva.com:443/artifactory/api/npm/npm-repo/ramda/-/ramda-0.27.1.tgz",
      "integrity": "sha1-Zvwt8++HOHT/wtpqqJhGWKus9ck="
    },
    "sanctuary": {
      "version": "3.1.0",
      "resolved": "https://globaldevtools.bbva.com:443/artifactory/api/npm/npm-repo/sanctuary/-/sanctuary-3.1.0.tgz",
      "integrity": "sha1-KgPwJIPrmiIBMTCuntfS+dQypUI=",
      "requires": {
        "sanctuary-def": "0.22.0",
        "sanctuary-either": "2.1.0",
        "sanctuary-maybe": "2.1.0",
        "sanctuary-pair": "2.1.0",
        "sanctuary-show": "2.0.0",
        "sanctuary-type-classes": "12.1.0",
        "sanctuary-type-identifiers": "3.0.0"
      }
    },
    "sanctuary-def": {
      "version": "0.22.0",
      "resolved": "https://globaldevtools.bbva.com:443/artifactory/api/npm/npm-repo/sanctuary-def/-/sanctuary-def-0.22.0.tgz",
      "integrity": "sha1-9miUUM/rbgDNZS+sKdp7MOsjEoc=",
      "requires": {
        "sanctuary-either": "2.1.0",
        "sanctuary-show": "2.0.0",
        "sanctuary-type-classes": "12.1.0",
        "sanctuary-type-identifiers": "3.0.0"
      }
    },
    "sanctuary-either": {
      "version": "2.1.0",
      "resolved": "https://globaldevtools.bbva.com:443/artifactory/api/npm/npm-repo/sanctuary-either/-/sanctuary-either-2.1.0.tgz",
      "integrity": "sha1-zL6i/4JDkC6Z1uALP34wVbyVTjo=",
      "requires": {
        "sanctuary-show": "2.0.0",
        "sanctuary-type-classes": "12.1.0"
      }
    },
    "sanctuary-maybe": {
      "version": "2.1.0",
      "resolved": "https://globaldevtools.bbva.com:443/artifactory/api/npm/npm-repo/sanctuary-maybe/-/sanctuary-maybe-2.1.0.tgz",
      "integrity": "sha1-OubjW1xccsx1/gYmtnp0q8TmjZE=",
      "requires": {
        "sanctuary-show": "2.0.0",
        "sanctuary-type-classes": "12.1.0"
      }
    },
    "sanctuary-pair": {
      "version": "2.1.0",
      "resolved": "https://globaldevtools.bbva.com:443/artifactory/api/npm/npm-repo/sanctuary-pair/-/sanctuary-pair-2.1.0.tgz",
      "integrity": "sha1-/niNyV0WRwnIRuhlBJWFzdL8gnc=",
      "requires": {
        "sanctuary-show": "2.0.0",
        "sanctuary-type-classes": "12.1.0"
      }
    },
    "sanctuary-show": {
      "version": "2.0.0",
      "resolved": "https://globaldevtools.bbva.com:443/artifactory/api/npm/npm-repo/sanctuary-show/-/sanctuary-show-2.0.0.tgz",
      "integrity": "sha1-Iya0dE9LD5k/GMpWop9opQ9RRjc="
    },
    "sanctuary-type-classes": {
      "version": "12.1.0",
      "resolved": "https://globaldevtools.bbva.com:443/artifactory/api/npm/npm-repo/sanctuary-type-classes/-/sanctuary-type-classes-12.1.0.tgz",
      "integrity": "sha1-LRRX9njLYhvNpk/lN/XQfaVVbDo=",
      "requires": {
        "sanctuary-type-identifiers": "3.0.0"
      }
    },
    "sanctuary-type-identifiers": {
      "version": "3.0.0",
      "resolved": "https://globaldevtools.bbva.com:443/artifactory/api/npm/npm-repo/sanctuary-type-identifiers/-/sanctuary-type-identifiers-3.0.0.tgz",
      "integrity": "sha1-UctIjS7Z8ZSUamT/4rQd1Jo0jAs="
    }
  }
}
